
Microsoft Visual Studio Solution File, Format Version 12.00
# Visual Studio 15
VisualStudioVersion = 15.0.28307.106
MinimumVisualStudioVersion = 10.0.40219.1
Project("{8BC9CEB8-8B4A-11D0-8D11-00A0C91BC942}") = "Kolokvijum2014", "Kolokvijum2014\Kolokvijum2014.vcxproj", "{DC559A46-FBBD-4FE2-8B0A-A5FB72A7EE59}"
EndProject
Global
	GlobalSection(SolutionConfigurationPlatforms) = preSolution
		Debug|x64 = Debug|x64
		Debug|x86 = Debug|x86
		Release|x64 = Release|x64
		Release|x86 = Release|x86
	EndGlobalSection
	GlobalSection(ProjectConfigurationPlatforms) = postSolution
		{DC559A46-FBBD-4FE2-8B0A-A5FB72A7EE59}.Debug|x64.ActiveCfg = Debug|x64
		{DC559A46-FBBD-4FE2-8B0A-A5FB72A7EE59}.Debug|x64.Build.0 = Debug|x64
		{DC559A46-FBBD-4FE2-8B0A-A5FB72A7EE59}.Debug|x86.ActiveCfg = Debug|Win32
		{DC559A46-FBBD-4FE2-8B0A-A5FB72A7EE59}.Debug|x86.Build.0 = Debug|Win32
		{DC559A46-FBBD-4FE2-8B0A-A5FB72A7EE59}.Release|x64.ActiveCfg = Release|x64
		{DC559A46-FBBD-4FE2-8B0A-A5FB72A7EE59}.Release|x64.Build.0 = Release|x64
		{DC559A46-FBBD-4FE2-8B0A-A5FB72A7EE59}.Release|x86.ActiveCfg = Release|Win32
		{DC559A46-FBBD-4FE2-8B0A-A5FB72A7EE59}.Release|x86.Build.0 = Release|Win32
	EndGlobalSection
	GlobalSection(SolutionProperties) = preSolution
		HideSolutionNode = FALSE
	EndGlobalSection
	GlobalSection(ExtensibilityGlobals) = postSolution
		SolutionGuid = {55CC9697-D7E8-4318-9494-8622C8791F10}
	EndGlobalSection
EndGlobal
